
Microsoft Visual Studio Solution File, Format Version 12.00
# Visual Studio Version 17
VisualStudioVersion = 17.6.33723.286
MinimumVisualStudioVersion = 10.0.40219.1
Project("{FAE04EC0-301F-11D3-BF4B-00C04F79EFBC}") = "Practic-3", "Practic-3\Practic-3.csproj", "{2A0FC0D0-4156-4432-8D5A-936E0D82009F}"
EndProject
Global
	GlobalSection(SolutionConfigurationPlatforms) = preSolution
		Debug|Any CPU = Debug|Any CPU
		Release|Any CPU = Release|Any CPU
	EndGlobalSection
	GlobalSection(ProjectConfigurationPlatforms) = postSolution
		{2A0FC0D0-4156-4432-8D5A-936E0D82009F}.Debug|Any CPU.ActiveCfg = Debug|Any CPU
		{2A0FC0D0-4156-4432-8D5A-936E0D82009F}.Debug|Any CPU.Build.0 = Debug|Any CPU
		{2A0FC0D0-4156-4432-8D5A-936E0D82009F}.Release|Any CPU.ActiveCfg = Release|Any CPU
		{2A0FC0D0-4156-4432-8D5A-936E0D82009F}.Release|Any CPU.Build.0 = Release|Any CPU
	EndGlobalSection
	GlobalSection(SolutionProperties) = preSolution
		HideSolutionNode = FALSE
	EndGlobalSection
	GlobalSection(ExtensibilityGlobals) = postSolution
		SolutionGuid = {9AF585DA-19B6-4BB8-BB3A-761BCF2EA345}
	EndGlobalSection
EndGlobal
